
Microsoft Visual Studio Solution File, Format Version 12.00
# Visual Studio Version 17
VisualStudioVersion = 17.6.33606.364
MinimumVisualStudioVersion = 10.0.40219.1
Project("{2150E333-8FDC-42A3-9474-1A3956D46DE8}") = "framework", "framework", "{A0EF2702-1A3C-44B4-8C17-9FD5EDD89D05}"
EndProject
Project("{778DAE3C-4631-46EA-AA77-85C1314464D9}") = "Core", "..\..\GCModeller\src\runtime\sciBASIC#\Microsoft.VisualBasic.Core\src\Core.vbproj", "{F78DBE79-A6C8-47B2-B354-D57910B2364A}"
EndProject
Project("{778DAE3C-4631-46EA-AA77-85C1314464D9}") = "JSON-netcore5", "..\..\GCModeller\src\runtime\sciBASIC#\mime\application%json\JSON-netcore5.vbproj", "{56E3AB23-9CDC-4BAF-B7E6-109E80C7E180}"
EndProject
Project("{778DAE3C-4631-46EA-AA77-85C1314464D9}") = "Rsharp-netcore5", "..\..\GCModeller\src\R-sharp\R#\Rsharp-netcore5.vbproj", "{581FBA7B-3637-4A26-83BA-6166EA93C980}"
EndProject
Project("{778DAE3C-4631-46EA-AA77-85C1314464D9}") = "vjs", "vjs\vjs.vbproj", "{633C7142-C943-4803-8A1C-25C352167B9F}"
EndProject
Project("{D954291E-2A0B-460D-934E-DC6B0785DB48}") = "JsonHelper", "..\..\GCModeller\src\R-sharp\Library\shares\JsonHelper\JsonHelper.shproj", "{B2AE1422-D7DA-4053-A386-EB2EA9326D68}"
EndProject
Global
	GlobalSection(SolutionConfigurationPlatforms) = preSolution
		CFD_win32|Any CPU = CFD_win32|Any CPU
		CFD_win32|x64 = CFD_win32|x64
		CFD_win32|x86 = CFD_win32|x86
		Debug|Any CPU = Debug|Any CPU
		Debug|x64 = Debug|x64
		Debug|x86 = Debug|x86
		Docker|Any CPU = Docker|Any CPU
		Docker|x64 = Docker|x64
		Docker|x86 = Docker|x86
		gcmodeller_desktop|Any CPU = gcmodeller_desktop|Any CPU
		gcmodeller_desktop|x64 = gcmodeller_desktop|x64
		gcmodeller_desktop|x86 = gcmodeller_desktop|x86
		LipidSearch|Any CPU = LipidSearch|Any CPU
		LipidSearch|x64 = LipidSearch|x64
		LipidSearch|x86 = LipidSearch|x86
		mzkit_win32|Any CPU = mzkit_win32|Any CPU
		mzkit_win32|x64 = mzkit_win32|x64
		mzkit_win32|x86 = mzkit_win32|x86
		mzkit|Any CPU = mzkit|Any CPU
		mzkit|x64 = mzkit|x64
		mzkit|x86 = mzkit|x86
		NPSearch|Any CPU = NPSearch|Any CPU
		NPSearch|x64 = NPSearch|x64
		NPSearch|x86 = NPSearch|x86
		nuget_release|Any CPU = nuget_release|Any CPU
		nuget_release|x64 = nuget_release|x64
		nuget_release|x86 = nuget_release|x86
		PlantMAT|Any CPU = PlantMAT|Any CPU
		PlantMAT|x64 = PlantMAT|x64
		PlantMAT|x86 = PlantMAT|x86
		Release|Any CPU = Release|Any CPU
		Release|x64 = Release|x64
		Release|x86 = Release|x86
		Rsharp_app_release|Any CPU = Rsharp_app_release|Any CPU
		Rsharp_app_release|x64 = Rsharp_app_release|x64
		Rsharp_app_release|x86 = Rsharp_app_release|x86
	EndGlobalSection
	GlobalSection(ProjectConfigurationPlatforms) = postSolution
		{F78DBE79-A6C8-47B2-B354-D57910B2364A}.CFD_win32|Any CPU.ActiveCfg = CFD_win32|Any CPU
		{F78DBE79-A6C8-47B2-B354-D57910B2364A}.CFD_win32|Any CPU.Build.0 = CFD_win32|Any CPU
		{F78DBE79-A6C8-47B2-B354-D57910B2364A}.CFD_win32|x64.ActiveCfg = CFD_win32|x64
		{F78DBE79-A6C8-47B2-B354-D57910B2364A}.CFD_win32|x64.Build.0 = CFD_win32|x64
		{F78DBE79-A6C8-47B2-B354-D57910B2364A}.CFD_win32|x86.ActiveCfg = CFD_win32|x86
		{F78DBE79-A6C8-47B2-B354-D57910B2364A}.CFD_win32|x86.Build.0 = CFD_win32|x86
		{F78DBE79-A6C8-47B2-B354-D57910B2364A}.Debug|Any CPU.ActiveCfg = Debug|Any CPU
		{F78DBE79-A6C8-47B2-B354-D57910B2364A}.Debug|Any CPU.Build.0 = Debug|Any CPU
		{F78DBE79-A6C8-47B2-B354-D57910B2364A}.Debug|x64.ActiveCfg = Debug|x64
		{F78DBE79-A6C8-47B2-B354-D57910B2364A}.Debug|x64.Build.0 = Debug|x64
		{F78DBE79-A6C8-47B2-B354-D57910B2364A}.Debug|x86.ActiveCfg = Debug|x86
		{F78DBE79-A6C8-47B2-B354-D57910B2364A}.Debug|x86.Build.0 = Debug|x86
		{F78DBE79-A6C8-47B2-B354-D57910B2364A}.Docker|Any CPU.ActiveCfg = Docker|Any CPU
		{F78DBE79-A6C8-47B2-B354-D57910B2364A}.Docker|Any CPU.Build.0 = Docker|Any CPU
		{F78DBE79-A6C8-47B2-B354-D57910B2364A}.Docker|x64.ActiveCfg = Docker|x64
		{F78DBE79-A6C8-47B2-B354-D57910B2364A}.Docker|x64.Build.0 = Docker|x64
		{F78DBE79-A6C8-47B2-B354-D57910B2364A}.Docker|x86.ActiveCfg = Docker|x86
		{F78DBE79-A6C8-47B2-B354-D57910B2364A}.Docker|x86.Build.0 = Docker|x86
		{F78DBE79-A6C8-47B2-B354-D57910B2364A}.gcmodeller_desktop|Any CPU.ActiveCfg = gcmodeller_desktop|Any CPU
		{F78DBE79-A6C8-47B2-B354-D57910B2364A}.gcmodeller_desktop|Any CPU.Build.0 = gcmodeller_desktop|Any CPU
		{F78DBE79-A6C8-47B2-B354-D57910B2364A}.gcmodeller_desktop|x64.ActiveCfg = gcmodeller_desktop|x64
		{F78DBE79-A6C8-47B2-B354-D57910B2364A}.gcmodeller_desktop|x64.Build.0 = gcmodeller_desktop|x64
		{F78DBE79-A6C8-47B2-B354-D57910B2364A}.gcmodeller_desktop|x86.ActiveCfg = gcmodeller_desktop|x86
		{F78DBE79-A6C8-47B2-B354-D57910B2364A}.gcmodeller_desktop|x86.Build.0 = gcmodeller_desktop|x86
		{F78DBE79-A6C8-47B2-B354-D57910B2364A}.LipidSearch|Any CPU.ActiveCfg = LipidSearch|Any CPU
		{F78DBE79-A6C8-47B2-B354-D57910B2364A}.LipidSearch|Any CPU.Build.0 = LipidSearch|Any CPU
		{F78DBE79-A6C8-47B2-B354-D57910B2364A}.LipidSearch|x64.ActiveCfg = LipidSearch|x64
		{F78DBE79-A6C8-47B2-B354-D57910B2364A}.LipidSearch|x64.Build.0 = LipidSearch|x64
		{F78DBE79-A6C8-47B2-B354-D57910B2364A}.LipidSearch|x86.ActiveCfg = LipidSearch|x86
		{F78DBE79-A6C8-47B2-B354-D57910B2364A}.LipidSearch|x86.Build.0 = LipidSearch|x86
		{F78DBE79-A6C8-47B2-B354-D57910B2364A}.mzkit_win32|Any CPU.ActiveCfg = mzkit_win32|Any CPU
		{F78DBE79-A6C8-47B2-B354-D57910B2364A}.mzkit_win32|Any CPU.Build.0 = mzkit_win32|Any CPU
		{F78DBE79-A6C8-47B2-B354-D57910B2364A}.mzkit_win32|x64.ActiveCfg = mzkit_win32|x64
		{F78DBE79-A6C8-47B2-B354-D57910B2364A}.mzkit_win32|x64.Build.0 = mzkit_win32|x64
		{F78DBE79-A6C8-47B2-B354-D57910B2364A}.mzkit_win32|x86.ActiveCfg = mzkit_win32|x86
		{F78DBE79-A6C8-47B2-B354-D57910B2364A}.mzkit_win32|x86.Build.0 = mzkit_win32|x86
		{F78DBE79-A6C8-47B2-B354-D57910B2364A}.mzkit|Any CPU.ActiveCfg = mzkit|Any CPU
		{F78DBE79-A6C8-47B2-B354-D57910B2364A}.mzkit|Any CPU.Build.0 = mzkit|Any CPU
		{F78DBE79-A6C8-47B2-B354-D57910B2364A}.mzkit|x64.ActiveCfg = mzkit|x64
		{F78DBE79-A6C8-47B2-B354-D57910B2364A}.mzkit|x64.Build.0 = mzkit|x64
		{F78DBE79-A6C8-47B2-B354-D57910B2364A}.mzkit|x86.ActiveCfg = mzkit|x86
		{F78DBE79-A6C8-47B2-B354-D57910B2364A}.mzkit|x86.Build.0 = mzkit|x86
		{F78DBE79-A6C8-47B2-B354-D57910B2364A}.NPSearch|Any CPU.ActiveCfg = NPSearch|Any CPU
		{F78DBE79-A6C8-47B2-B354-D57910B2364A}.NPSearch|Any CPU.Build.0 = NPSearch|Any CPU
		{F78DBE79-A6C8-47B2-B354-D57910B2364A}.NPSearch|x64.ActiveCfg = NPSearch|x64
		{F78DBE79-A6C8-47B2-B354-D57910B2364A}.NPSearch|x64.Build.0 = NPSearch|x64
		{F78DBE79-A6C8-47B2-B354-D57910B2364A}.NPSearch|x86.ActiveCfg = NPSearch|x86
		{F78DBE79-A6C8-47B2-B354-D57910B2364A}.NPSearch|x86.Build.0 = NPSearch|x86
		{F78DBE79-A6C8-47B2-B354-D57910B2364A}.nuget_release|Any CPU.ActiveCfg = nuget_release|Any CPU
		{F78DBE79-A6C8-47B2-B354-D57910B2364A}.nuget_release|Any CPU.Build.0 = nuget_release|Any CPU
		{F78DBE79-A6C8-47B2-B354-D57910B2364A}.nuget_release|x64.ActiveCfg = nuget_release|x64
		{F78DBE79-A6C8-47B2-B354-D57910B2364A}.nuget_release|x64.Build.0 = nuget_release|x64
		{F78DBE79-A6C8-47B2-B354-D57910B2364A}.nuget_release|x86.ActiveCfg = nuget_release|x86
		{F78DBE79-A6C8-47B2-B354-D57910B2364A}.nuget_release|x86.Build.0 = nuget_release|x86
		{F78DBE79-A6C8-47B2-B354-D57910B2364A}.PlantMAT|Any CPU.ActiveCfg = PlantMAT|Any CPU
		{F78DBE79-A6C8-47B2-B354-D57910B2364A}.PlantMAT|Any CPU.Build.0 = PlantMAT|Any CPU
		{F78DBE79-A6C8-47B2-B354-D57910B2364A}.PlantMAT|x64.ActiveCfg = PlantMAT|x64
		{F78DBE79-A6C8-47B2-B354-D57910B2364A}.PlantMAT|x64.Build.0 = PlantMAT|x64
		{F78DBE79-A6C8-47B2-B354-D57910B2364A}.PlantMAT|x86.ActiveCfg = PlantMAT|x86
		{F78DBE79-A6C8-47B2-B354-D57910B2364A}.PlantMAT|x86.Build.0 = PlantMAT|x86
		{F78DBE79-A6C8-47B2-B354-D57910B2364A}.Release|Any CPU.ActiveCfg = Release|Any CPU
		{F78DBE79-A6C8-47B2-B354-D57910B2364A}.Release|Any CPU.Build.0 = Release|Any CPU
		{F78DBE79-A6C8-47B2-B354-D57910B2364A}.Release|x64.ActiveCfg = Release|x64
		{F78DBE79-A6C8-47B2-B354-D57910B2364A}.Release|x64.Build.0 = Release|x64
		{F78DBE79-A6C8-47B2-B354-D57910B2364A}.Release|x86.ActiveCfg = Release|x86
		{F78DBE79-A6C8-47B2-B354-D57910B2364A}.Release|x86.Build.0 = Release|x86
		{F78DBE79-A6C8-47B2-B354-D57910B2364A}.Rsharp_app_release|Any CPU.ActiveCfg = Rsharp_app_release|Any CPU
		{F78DBE79-A6C8-47B2-B354-D57910B2364A}.Rsharp_app_release|Any CPU.Build.0 = Rsharp_app_release|Any CPU
		{F78DBE79-A6C8-47B2-B354-D57910B2364A}.Rsharp_app_release|x64.ActiveCfg = Rsharp_app_release|x64
		{F78DBE79-A6C8-47B2-B354-D57910B2364A}.Rsharp_app_release|x64.Build.0 = Rsharp_app_release|x64
		{F78DBE79-A6C8-47B2-B354-D57910B2364A}.Rsharp_app_release|x86.ActiveCfg = Rsharp_app_release|x86
		{F78DBE79-A6C8-47B2-B354-D57910B2364A}.Rsharp_app_release|x86.Build.0 = Rsharp_app_release|x86
		{56E3AB23-9CDC-4BAF-B7E6-109E80C7E180}.CFD_win32|Any CPU.ActiveCfg = Debug|Any CPU
		{56E3AB23-9CDC-4BAF-B7E6-109E80C7E180}.CFD_win32|Any CPU.Build.0 = Debug|Any CPU
		{56E3AB23-9CDC-4BAF-B7E6-109E80C7E180}.CFD_win32|x64.ActiveCfg = Debug|x64
		{56E3AB23-9CDC-4BAF-B7E6-109E80C7E180}.CFD_win32|x64.Build.0 = Debug|x64
		{56E3AB23-9CDC-4BAF-B7E6-109E80C7E180}.CFD_win32|x86.ActiveCfg = Debug|Any CPU
		{56E3AB23-9CDC-4BAF-B7E6-109E80C7E180}.CFD_win32|x86.Build.0 = Debug|Any CPU
		{56E3AB23-9CDC-4BAF-B7E6-109E80C7E180}.Debug|Any CPU.ActiveCfg = Debug|Any CPU
		{56E3AB23-9CDC-4BAF-B7E6-109E80C7E180}.Debug|Any CPU.Build.0 = Debug|Any CPU
		{56E3AB23-9CDC-4BAF-B7E6-109E80C7E180}.Debug|x64.ActiveCfg = Debug|x64
		{56E3AB23-9CDC-4BAF-B7E6-109E80C7E180}.Debug|x64.Build.0 = Debug|x64
		{56E3AB23-9CDC-4BAF-B7E6-109E80C7E180}.Debug|x86.ActiveCfg = Debug|Any CPU
		{56E3AB23-9CDC-4BAF-B7E6-109E80C7E180}.Debug|x86.Build.0 = Debug|Any CPU
		{56E3AB23-9CDC-4BAF-B7E6-109E80C7E180}.Docker|Any CPU.ActiveCfg = Docker|Any CPU
		{56E3AB23-9CDC-4BAF-B7E6-109E80C7E180}.Docker|Any CPU.Build.0 = Docker|Any CPU
		{56E3AB23-9CDC-4BAF-B7E6-109E80C7E180}.Docker|x64.ActiveCfg = Docker|x64
		{56E3AB23-9CDC-4BAF-B7E6-109E80C7E180}.Docker|x64.Build.0 = Docker|x64
		{56E3AB23-9CDC-4BAF-B7E6-109E80C7E180}.Docker|x86.ActiveCfg = Docker|Any CPU
		{56E3AB23-9CDC-4BAF-B7E6-109E80C7E180}.Docker|x86.Build.0 = Docker|Any CPU
		{56E3AB23-9CDC-4BAF-B7E6-109E80C7E180}.gcmodeller_desktop|Any CPU.ActiveCfg = gcmodeller_desktop|Any CPU
		{56E3AB23-9CDC-4BAF-B7E6-109E80C7E180}.gcmodeller_desktop|Any CPU.Build.0 = gcmodeller_desktop|Any CPU
		{56E3AB23-9CDC-4BAF-B7E6-109E80C7E180}.gcmodeller_desktop|x64.ActiveCfg = gcmodeller_desktop|x64
		{56E3AB23-9CDC-4BAF-B7E6-109E80C7E180}.gcmodeller_desktop|x64.Build.0 = gcmodeller_desktop|x64
		{56E3AB23-9CDC-4BAF-B7E6-109E80C7E180}.gcmodeller_desktop|x86.ActiveCfg = gcmodeller_desktop|Any CPU
		{56E3AB23-9CDC-4BAF-B7E6-109E80C7E180}.gcmodeller_desktop|x86.Build.0 = gcmodeller_desktop|Any CPU
		{56E3AB23-9CDC-4BAF-B7E6-109E80C7E180}.LipidSearch|Any CPU.ActiveCfg = LipidSearch|Any CPU
		{56E3AB23-9CDC-4BAF-B7E6-109E80C7E180}.LipidSearch|Any CPU.Build.0 = LipidSearch|Any CPU
		{56E3AB23-9CDC-4BAF-B7E6-109E80C7E180}.LipidSearch|x64.ActiveCfg = LipidSearch|x64
		{56E3AB23-9CDC-4BAF-B7E6-109E80C7E180}.LipidSearch|x64.Build.0 = LipidSearch|x64
		{56E3AB23-9CDC-4BAF-B7E6-109E80C7E180}.LipidSearch|x86.ActiveCfg = LipidSearch|Any CPU
		{56E3AB23-9CDC-4BAF-B7E6-109E80C7E180}.LipidSearch|x86.Build.0 = LipidSearch|Any CPU
		{56E3AB23-9CDC-4BAF-B7E6-109E80C7E180}.mzkit_win32|Any CPU.ActiveCfg = mzkit_win32|Any CPU
		{56E3AB23-9CDC-4BAF-B7E6-109E80C7E180}.mzkit_win32|Any CPU.Build.0 = mzkit_win32|Any CPU
		{56E3AB23-9CDC-4BAF-B7E6-109E80C7E180}.mzkit_win32|x64.ActiveCfg = mzkit_win32|x64
		{56E3AB23-9CDC-4BAF-B7E6-109E80C7E180}.mzkit_win32|x64.Build.0 = mzkit_win32|x64
		{56E3AB23-9CDC-4BAF-B7E6-109E80C7E180}.mzkit_win32|x86.ActiveCfg = mzkit_win32|Any CPU
		{56E3AB23-9CDC-4BAF-B7E6-109E80C7E180}.mzkit_win32|x86.Build.0 = mzkit_win32|Any CPU
		{56E3AB23-9CDC-4BAF-B7E6-109E80C7E180}.mzkit|Any CPU.ActiveCfg = mzkit_win32|Any CPU
		{56E3AB23-9CDC-4BAF-B7E6-109E80C7E180}.mzkit|Any CPU.Build.0 = mzkit_win32|Any CPU
		{56E3AB23-9CDC-4BAF-B7E6-109E80C7E180}.mzkit|x64.ActiveCfg = mzkit_win32|x64
		{56E3AB23-9CDC-4BAF-B7E6-109E80C7E180}.mzkit|x64.Build.0 = mzkit_win32|x64
		{56E3AB23-9CDC-4BAF-B7E6-109E80C7E180}.mzkit|x86.ActiveCfg = mzkit_win32|Any CPU
		{56E3AB23-9CDC-4BAF-B7E6-109E80C7E180}.mzkit|x86.Build.0 = mzkit_win32|Any CPU
		{56E3AB23-9CDC-4BAF-B7E6-109E80C7E180}.NPSearch|Any CPU.ActiveCfg = NPSearch|Any CPU
		{56E3AB23-9CDC-4BAF-B7E6-109E80C7E180}.NPSearch|Any CPU.Build.0 = NPSearch|Any CPU
		{56E3AB23-9CDC-4BAF-B7E6-109E80C7E180}.NPSearch|x64.ActiveCfg = NPSearch|x64
		{56E3AB23-9CDC-4BAF-B7E6-109E80C7E180}.NPSearch|x64.Build.0 = NPSearch|x64
		{56E3AB23-9CDC-4BAF-B7E6-109E80C7E180}.NPSearch|x86.ActiveCfg = NPSearch|Any CPU
		{56E3AB23-9CDC-4BAF-B7E6-109E80C7E180}.NPSearch|x86.Build.0 = NPSearch|Any CPU
		{56E3AB23-9CDC-4BAF-B7E6-109E80C7E180}.nuget_release|Any CPU.ActiveCfg = nuget_release|Any CPU
		{56E3AB23-9CDC-4BAF-B7E6-109E80C7E180}.nuget_release|Any CPU.Build.0 = nuget_release|Any CPU
		{56E3AB23-9CDC-4BAF-B7E6-109E80C7E180}.nuget_release|x64.ActiveCfg = nuget_release|x64
		{56E3AB23-9CDC-4BAF-B7E6-109E80C7E180}.nuget_release|x64.Build.0 = nuget_release|x64
		{56E3AB23-9CDC-4BAF-B7E6-109E80C7E180}.nuget_release|x86.ActiveCfg = nuget_release|Any CPU
		{56E3AB23-9CDC-4BAF-B7E6-109E80C7E180}.nuget_release|x86.Build.0 = nuget_release|Any CPU
		{56E3AB23-9CDC-4BAF-B7E6-109E80C7E180}.PlantMAT|Any CPU.ActiveCfg = PlantMAT|Any CPU
		{56E3AB23-9CDC-4BAF-B7E6-109E80C7E180}.PlantMAT|Any CPU.Build.0 = PlantMAT|Any CPU
		{56E3AB23-9CDC-4BAF-B7E6-109E80C7E180}.PlantMAT|x64.ActiveCfg = PlantMAT|x64
		{56E3AB23-9CDC-4BAF-B7E6-109E80C7E180}.PlantMAT|x64.Build.0 = PlantMAT|x64
		{56E3AB23-9CDC-4BAF-B7E6-109E80C7E180}.PlantMAT|x86.ActiveCfg = PlantMAT|Any CPU
		{56E3AB23-9CDC-4BAF-B7E6-109E80C7E180}.PlantMAT|x86.Build.0 = PlantMAT|Any CPU
		{56E3AB23-9CDC-4BAF-B7E6-109E80C7E180}.Release|Any CPU.ActiveCfg = Release|Any CPU
		{56E3AB23-9CDC-4BAF-B7E6-109E80C7E180}.Release|Any CPU.Build.0 = Release|Any CPU
		{56E3AB23-9CDC-4BAF-B7E6-109E80C7E180}.Release|x64.ActiveCfg = Release|x64
		{56E3AB23-9CDC-4BAF-B7E6-109E80C7E180}.Release|x64.Build.0 = Release|x64
		{56E3AB23-9CDC-4BAF-B7E6-109E80C7E180}.Release|x86.ActiveCfg = Release|Any CPU
		{56E3AB23-9CDC-4BAF-B7E6-109E80C7E180}.Release|x86.Build.0 = Release|Any CPU
		{56E3AB23-9CDC-4BAF-B7E6-109E80C7E180}.Rsharp_app_release|Any CPU.ActiveCfg = Rsharp_app_release|Any CPU
		{56E3AB23-9CDC-4BAF-B7E6-109E80C7E180}.Rsharp_app_release|Any CPU.Build.0 = Rsharp_app_release|Any CPU
		{56E3AB23-9CDC-4BAF-B7E6-109E80C7E180}.Rsharp_app_release|x64.ActiveCfg = Rsharp_app_release|x64
		{56E3AB23-9CDC-4BAF-B7E6-109E80C7E180}.Rsharp_app_release|x64.Build.0 = Rsharp_app_release|x64
		{56E3AB23-9CDC-4BAF-B7E6-109E80C7E180}.Rsharp_app_release|x86.ActiveCfg = Rsharp_app_release|Any CPU
		{56E3AB23-9CDC-4BAF-B7E6-109E80C7E180}.Rsharp_app_release|x86.Build.0 = Rsharp_app_release|Any CPU
		{581FBA7B-3637-4A26-83BA-6166EA93C980}.CFD_win32|Any CPU.ActiveCfg = CFD_win32|Any CPU
		{581FBA7B-3637-4A26-83BA-6166EA93C980}.CFD_win32|Any CPU.Build.0 = CFD_win32|Any CPU
		{581FBA7B-3637-4A26-83BA-6166EA93C980}.CFD_win32|x64.ActiveCfg = CFD_win32|x64
		{581FBA7B-3637-4A26-83BA-6166EA93C980}.CFD_win32|x64.Build.0 = CFD_win32|x64
		{581FBA7B-3637-4A26-83BA-6166EA93C980}.CFD_win32|x86.ActiveCfg = CFD_win32|Any CPU
		{581FBA7B-3637-4A26-83BA-6166EA93C980}.CFD_win32|x86.Build.0 = CFD_win32|Any CPU
		{581FBA7B-3637-4A26-83BA-6166EA93C980}.Debug|Any CPU.ActiveCfg = Debug|Any CPU
		{581FBA7B-3637-4A26-83BA-6166EA93C980}.Debug|Any CPU.Build.0 = Debug|Any CPU
		{581FBA7B-3637-4A26-83BA-6166EA93C980}.Debug|x64.ActiveCfg = Debug|x64
		{581FBA7B-3637-4A26-83BA-6166EA93C980}.Debug|x64.Build.0 = Debug|x64
		{581FBA7B-3637-4A26-83BA-6166EA93C980}.Debug|x86.ActiveCfg = Debug|Any CPU
		{581FBA7B-3637-4A26-83BA-6166EA93C980}.Debug|x86.Build.0 = Debug|Any CPU
		{581FBA7B-3637-4A26-83BA-6166EA93C980}.Docker|Any CPU.ActiveCfg = Debug|Any CPU
		{581FBA7B-3637-4A26-83BA-6166EA93C980}.Docker|Any CPU.Build.0 = Debug|Any CPU
		{581FBA7B-3637-4A26-83BA-6166EA93C980}.Docker|x64.ActiveCfg = Debug|x64
		{581FBA7B-3637-4A26-83BA-6166EA93C980}.Docker|x64.Build.0 = Debug|x64
		{581FBA7B-3637-4A26-83BA-6166EA93C980}.Docker|x86.ActiveCfg = Debug|Any CPU
		{581FBA7B-3637-4A26-83BA-6166EA93C980}.Docker|x86.Build.0 = Debug|Any CPU
		{581FBA7B-3637-4A26-83BA-6166EA93C980}.gcmodeller_desktop|Any CPU.ActiveCfg = gcmodeller_desktop|Any CPU
		{581FBA7B-3637-4A26-83BA-6166EA93C980}.gcmodeller_desktop|Any CPU.Build.0 = gcmodeller_desktop|Any CPU
		{581FBA7B-3637-4A26-83BA-6166EA93C980}.gcmodeller_desktop|x64.ActiveCfg = gcmodeller_desktop|x64
		{581FBA7B-3637-4A26-83BA-6166EA93C980}.gcmodeller_desktop|x64.Build.0 = gcmodeller_desktop|x64
		{581FBA7B-3637-4A26-83BA-6166EA93C980}.gcmodeller_desktop|x86.ActiveCfg = gcmodeller_desktop|Any CPU
		{581FBA7B-3637-4A26-83BA-6166EA93C980}.gcmodeller_desktop|x86.Build.0 = gcmodeller_desktop|Any CPU
		{581FBA7B-3637-4A26-83BA-6166EA93C980}.LipidSearch|Any CPU.ActiveCfg = LipidSearch|Any CPU
		{581FBA7B-3637-4A26-83BA-6166EA93C980}.LipidSearch|Any CPU.Build.0 = LipidSearch|Any CPU
		{581FBA7B-3637-4A26-83BA-6166EA93C980}.LipidSearch|x64.ActiveCfg = LipidSearch|x64
		{581FBA7B-3637-4A26-83BA-6166EA93C980}.LipidSearch|x64.Build.0 = LipidSearch|x64
		{581FBA7B-3637-4A26-83BA-6166EA93C980}.LipidSearch|x86.ActiveCfg = LipidSearch|Any CPU
		{581FBA7B-3637-4A26-83BA-6166EA93C980}.LipidSearch|x86.Build.0 = LipidSearch|Any CPU
		{581FBA7B-3637-4A26-83BA-6166EA93C980}.mzkit_win32|Any CPU.ActiveCfg = mzkit|Any CPU
		{581FBA7B-3637-4A26-83BA-6166EA93C980}.mzkit_win32|Any CPU.Build.0 = mzkit|Any CPU
		{581FBA7B-3637-4A26-83BA-6166EA93C980}.mzkit_win32|x64.ActiveCfg = mzkit|x64
		{581FBA7B-3637-4A26-83BA-6166EA93C980}.mzkit_win32|x64.Build.0 = mzkit|x64
		{581FBA7B-3637-4A26-83BA-6166EA93C980}.mzkit_win32|x86.ActiveCfg = mzkit|Any CPU
		{581FBA7B-3637-4A26-83BA-6166EA93C980}.mzkit_win32|x86.Build.0 = mzkit|Any CPU
		{581FBA7B-3637-4A26-83BA-6166EA93C980}.mzkit|Any CPU.ActiveCfg = mzkit|Any CPU
		{581FBA7B-3637-4A26-83BA-6166EA93C980}.mzkit|Any CPU.Build.0 = mzkit|Any CPU
		{581FBA7B-3637-4A26-83BA-6166EA93C980}.mzkit|x64.ActiveCfg = mzkit|x64
		{581FBA7B-3637-4A26-83BA-6166EA93C980}.mzkit|x64.Build.0 = mzkit|x64
		{581FBA7B-3637-4A26-83BA-6166EA93C980}.mzkit|x86.ActiveCfg = mzkit|Any CPU
		{581FBA7B-3637-4A26-83BA-6166EA93C980}.mzkit|x86.Build.0 = mzkit|Any CPU
		{581FBA7B-3637-4A26-83BA-6166EA93C980}.NPSearch|Any CPU.ActiveCfg = NPSearch|Any CPU
		{581FBA7B-3637-4A26-83BA-6166EA93C980}.NPSearch|Any CPU.Build.0 = NPSearch|Any CPU
		{581FBA7B-3637-4A26-83BA-6166EA93C980}.NPSearch|x64.ActiveCfg = NPSearch|x64
		{581FBA7B-3637-4A26-83BA-6166EA93C980}.NPSearch|x64.Build.0 = NPSearch|x64
		{581FBA7B-3637-4A26-83BA-6166EA93C980}.NPSearch|x86.ActiveCfg = NPSearch|Any CPU
		{581FBA7B-3637-4A26-83BA-6166EA93C980}.NPSearch|x86.Build.0 = NPSearch|Any CPU
		{581FBA7B-3637-4A26-83BA-6166EA93C980}.nuget_release|Any CPU.ActiveCfg = NPSearch|Any CPU
		{581FBA7B-3637-4A26-83BA-6166EA93C980}.nuget_release|Any CPU.Build.0 = NPSearch|Any CPU
		{581FBA7B-3637-4A26-83BA-6166EA93C980}.nuget_release|x64.ActiveCfg = NPSearch|x64
		{581FBA7B-3637-4A26-83BA-6166EA93C980}.nuget_release|x64.Build.0 = NPSearch|x64
		{581FBA7B-3637-4A26-83BA-6166EA93C980}.nuget_release|x86.ActiveCfg = NPSearch|Any CPU
		{581FBA7B-3637-4A26-83BA-6166EA93C980}.nuget_release|x86.Build.0 = NPSearch|Any CPU
		{581FBA7B-3637-4A26-83BA-6166EA93C980}.PlantMAT|Any CPU.ActiveCfg = PlantMAT|Any CPU
		{581FBA7B-3637-4A26-83BA-6166EA93C980}.PlantMAT|Any CPU.Build.0 = PlantMAT|Any CPU
		{581FBA7B-3637-4A26-83BA-6166EA93C980}.PlantMAT|x64.ActiveCfg = PlantMAT|x64
		{581FBA7B-3637-4A26-83BA-6166EA93C980}.PlantMAT|x64.Build.0 = PlantMAT|x64
		{581FBA7B-3637-4A26-83BA-6166EA93C980}.PlantMAT|x86.ActiveCfg = PlantMAT|Any CPU
		{581FBA7B-3637-4A26-83BA-6166EA93C980}.PlantMAT|x86.Build.0 = PlantMAT|Any CPU
		{581FBA7B-3637-4A26-83BA-6166EA93C980}.Release|Any CPU.ActiveCfg = Release|Any CPU
		{581FBA7B-3637-4A26-83BA-6166EA93C980}.Release|Any CPU.Build.0 = Release|Any CPU
		{581FBA7B-3637-4A26-83BA-6166EA93C980}.Release|x64.ActiveCfg = Release|x64
		{581FBA7B-3637-4A26-83BA-6166EA93C980}.Release|x64.Build.0 = Release|x64
		{581FBA7B-3637-4A26-83BA-6166EA93C980}.Release|x86.ActiveCfg = Release|Any CPU
		{581FBA7B-3637-4A26-83BA-6166EA93C980}.Release|x86.Build.0 = Release|Any CPU
		{581FBA7B-3637-4A26-83BA-6166EA93C980}.Rsharp_app_release|Any CPU.ActiveCfg = Rsharp_app_release|Any CPU
		{581FBA7B-3637-4A26-83BA-6166EA93C980}.Rsharp_app_release|Any CPU.Build.0 = Rsharp_app_release|Any CPU
		{581FBA7B-3637-4A26-83BA-6166EA93C980}.Rsharp_app_release|x64.ActiveCfg = Rsharp_app_release|x64
		{581FBA7B-3637-4A26-83BA-6166EA93C980}.Rsharp_app_release|x64.Build.0 = Rsharp_app_release|x64
		{581FBA7B-3637-4A26-83BA-6166EA93C980}.Rsharp_app_release|x86.ActiveCfg = Rsharp_app_release|Any CPU
		{581FBA7B-3637-4A26-83BA-6166EA93C980}.Rsharp_app_release|x86.Build.0 = Rsharp_app_release|Any CPU
		{633C7142-C943-4803-8A1C-25C352167B9F}.CFD_win32|Any CPU.ActiveCfg = Debug|Any CPU
		{633C7142-C943-4803-8A1C-25C352167B9F}.CFD_win32|Any CPU.Build.0 = Debug|Any CPU
		{633C7142-C943-4803-8A1C-25C352167B9F}.CFD_win32|x64.ActiveCfg = Debug|x64
		{633C7142-C943-4803-8A1C-25C352167B9F}.CFD_win32|x64.Build.0 = Debug|x64
		{633C7142-C943-4803-8A1C-25C352167B9F}.CFD_win32|x86.ActiveCfg = Debug|Any CPU
		{633C7142-C943-4803-8A1C-25C352167B9F}.CFD_win32|x86.Build.0 = Debug|Any CPU
		{633C7142-C943-4803-8A1C-25C352167B9F}.Debug|Any CPU.ActiveCfg = Debug|Any CPU
		{633C7142-C943-4803-8A1C-25C352167B9F}.Debug|Any CPU.Build.0 = Debug|Any CPU
		{633C7142-C943-4803-8A1C-25C352167B9F}.Debug|x64.ActiveCfg = Debug|x64
		{633C7142-C943-4803-8A1C-25C352167B9F}.Debug|x64.Build.0 = Debug|x64
		{633C7142-C943-4803-8A1C-25C352167B9F}.Debug|x86.ActiveCfg = Debug|Any CPU
		{633C7142-C943-4803-8A1C-25C352167B9F}.Debug|x86.Build.0 = Debug|Any CPU
		{633C7142-C943-4803-8A1C-25C352167B9F}.Docker|Any CPU.ActiveCfg = Debug|Any CPU
		{633C7142-C943-4803-8A1C-25C352167B9F}.Docker|Any CPU.Build.0 = Debug|Any CPU
		{633C7142-C943-4803-8A1C-25C352167B9F}.Docker|x64.ActiveCfg = Debug|x64
		{633C7142-C943-4803-8A1C-25C352167B9F}.Docker|x64.Build.0 = Debug|x64
		{633C7142-C943-4803-8A1C-25C352167B9F}.Docker|x86.ActiveCfg = Debug|Any CPU
		{633C7142-C943-4803-8A1C-25C352167B9F}.Docker|x86.Build.0 = Debug|Any CPU
		{633C7142-C943-4803-8A1C-25C352167B9F}.gcmodeller_desktop|Any CPU.ActiveCfg = Debug|Any CPU
		{633C7142-C943-4803-8A1C-25C352167B9F}.gcmodeller_desktop|Any CPU.Build.0 = Debug|Any CPU
		{633C7142-C943-4803-8A1C-25C352167B9F}.gcmodeller_desktop|x64.ActiveCfg = Debug|x64
		{633C7142-C943-4803-8A1C-25C352167B9F}.gcmodeller_desktop|x64.Build.0 = Debug|x64
		{633C7142-C943-4803-8A1C-25C352167B9F}.gcmodeller_desktop|x86.ActiveCfg = Debug|Any CPU
		{633C7142-C943-4803-8A1C-25C352167B9F}.gcmodeller_desktop|x86.Build.0 = Debug|Any CPU
		{633C7142-C943-4803-8A1C-25C352167B9F}.LipidSearch|Any CPU.ActiveCfg = Debug|Any CPU
		{633C7142-C943-4803-8A1C-25C352167B9F}.LipidSearch|Any CPU.Build.0 = Debug|Any CPU
		{633C7142-C943-4803-8A1C-25C352167B9F}.LipidSearch|x64.ActiveCfg = Debug|x64
		{633C7142-C943-4803-8A1C-25C352167B9F}.LipidSearch|x64.Build.0 = Debug|x64
		{633C7142-C943-4803-8A1C-25C352167B9F}.LipidSearch|x86.ActiveCfg = Debug|Any CPU
		{633C7142-C943-4803-8A1C-25C352167B9F}.LipidSearch|x86.Build.0 = Debug|Any CPU
		{633C7142-C943-4803-8A1C-25C352167B9F}.mzkit_win32|Any CPU.ActiveCfg = mzkit_win32|Any CPU
		{633C7142-C943-4803-8A1C-25C352167B9F}.mzkit_win32|Any CPU.Build.0 = mzkit_win32|Any CPU
		{633C7142-C943-4803-8A1C-25C352167B9F}.mzkit_win32|x64.ActiveCfg = mzkit_win32|x64
		{633C7142-C943-4803-8A1C-25C352167B9F}.mzkit_win32|x64.Build.0 = mzkit_win32|x64
		{633C7142-C943-4803-8A1C-25C352167B9F}.mzkit_win32|x86.ActiveCfg = mzkit_win32|Any CPU
		{633C7142-C943-4803-8A1C-25C352167B9F}.mzkit_win32|x86.Build.0 = mzkit_win32|Any CPU
		{633C7142-C943-4803-8A1C-25C352167B9F}.mzkit|Any CPU.ActiveCfg = mzkit_win32|Any CPU
		{633C7142-C943-4803-8A1C-25C352167B9F}.mzkit|Any CPU.Build.0 = mzkit_win32|Any CPU
		{633C7142-C943-4803-8A1C-25C352167B9F}.mzkit|x64.ActiveCfg = mzkit_win32|x64
		{633C7142-C943-4803-8A1C-25C352167B9F}.mzkit|x64.Build.0 = mzkit_win32|x64
		{633C7142-C943-4803-8A1C-25C352167B9F}.mzkit|x86.ActiveCfg = mzkit_win32|Any CPU
		{633C7142-C943-4803-8A1C-25C352167B9F}.mzkit|x86.Build.0 = mzkit_win32|Any CPU
		{633C7142-C943-4803-8A1C-25C352167B9F}.NPSearch|Any CPU.ActiveCfg = Debug|Any CPU
		{633C7142-C943-4803-8A1C-25C352167B9F}.NPSearch|Any CPU.Build.0 = Debug|Any CPU
		{633C7142-C943-4803-8A1C-25C352167B9F}.NPSearch|x64.ActiveCfg = Debug|x64
		{633C7142-C943-4803-8A1C-25C352167B9F}.NPSearch|x64.Build.0 = Debug|x64
		{633C7142-C943-4803-8A1C-25C352167B9F}.NPSearch|x86.ActiveCfg = Debug|Any CPU
		{633C7142-C943-4803-8A1C-25C352167B9F}.NPSearch|x86.Build.0 = Debug|Any CPU
		{633C7142-C943-4803-8A1C-25C352167B9F}.nuget_release|Any CPU.ActiveCfg = Debug|Any CPU
		{633C7142-C943-4803-8A1C-25C352167B9F}.nuget_release|Any CPU.Build.0 = Debug|Any CPU
		{633C7142-C943-4803-8A1C-25C352167B9F}.nuget_release|x64.ActiveCfg = Debug|x64
		{633C7142-C943-4803-8A1C-25C352167B9F}.nuget_release|x64.Build.0 = Debug|x64
		{633C7142-C943-4803-8A1C-25C352167B9F}.nuget_release|x86.ActiveCfg = Debug|Any CPU
		{633C7142-C943-4803-8A1C-25C352167B9F}.nuget_release|x86.Build.0 = Debug|Any CPU
		{633C7142-C943-4803-8A1C-25C352167B9F}.PlantMAT|Any CPU.ActiveCfg = Debug|Any CPU
		{633C7142-C943-4803-8A1C-25C352167B9F}.PlantMAT|Any CPU.Build.0 = Debug|Any CPU
		{633C7142-C943-4803-8A1C-25C352167B9F}.PlantMAT|x64.ActiveCfg = Debug|x64
		{633C7142-C943-4803-8A1C-25C352167B9F}.PlantMAT|x64.Build.0 = Debug|x64
		{633C7142-C943-4803-8A1C-25C352167B9F}.PlantMAT|x86.ActiveCfg = Debug|Any CPU
		{633C7142-C943-4803-8A1C-25C352167B9F}.PlantMAT|x86.Build.0 = Debug|Any CPU
		{633C7142-C943-4803-8A1C-25C352167B9F}.Release|Any CPU.ActiveCfg = Release|Any CPU
		{633C7142-C943-4803-8A1C-25C352167B9F}.Release|Any CPU.Build.0 = Release|Any CPU
		{633C7142-C943-4803-8A1C-25C352167B9F}.Release|x64.ActiveCfg = Release|x64
		{633C7142-C943-4803-8A1C-25C352167B9F}.Release|x64.Build.0 = Release|x64
		{633C7142-C943-4803-8A1C-25C352167B9F}.Release|x86.ActiveCfg = Release|Any CPU
		{633C7142-C943-4803-8A1C-25C352167B9F}.Release|x86.Build.0 = Release|Any CPU
		{633C7142-C943-4803-8A1C-25C352167B9F}.Rsharp_app_release|Any CPU.ActiveCfg = Rsharp_app_release|Any CPU
		{633C7142-C943-4803-8A1C-25C352167B9F}.Rsharp_app_release|Any CPU.Build.0 = Rsharp_app_release|Any CPU
		{633C7142-C943-4803-8A1C-25C352167B9F}.Rsharp_app_release|x64.ActiveCfg = Rsharp_app_release|x64
		{633C7142-C943-4803-8A1C-25C352167B9F}.Rsharp_app_release|x64.Build.0 = Rsharp_app_release|x64
		{633C7142-C943-4803-8A1C-25C352167B9F}.Rsharp_app_release|x86.ActiveCfg = Rsharp_app_release|Any CPU
		{633C7142-C943-4803-8A1C-25C352167B9F}.Rsharp_app_release|x86.Build.0 = Rsharp_app_release|Any CPU
	EndGlobalSection
	GlobalSection(SolutionProperties) = preSolution
		HideSolutionNode = FALSE
	EndGlobalSection
	GlobalSection(NestedProjects) = preSolution
		{F78DBE79-A6C8-47B2-B354-D57910B2364A} = {A0EF2702-1A3C-44B4-8C17-9FD5EDD89D05}
		{56E3AB23-9CDC-4BAF-B7E6-109E80C7E180} = {A0EF2702-1A3C-44B4-8C17-9FD5EDD89D05}
		{581FBA7B-3637-4A26-83BA-6166EA93C980} = {A0EF2702-1A3C-44B4-8C17-9FD5EDD89D05}
	EndGlobalSection
	GlobalSection(ExtensibilityGlobals) = postSolution
		SolutionGuid = {62A7AC92-F65A-423A-8764-3DE9D1B8FDFA}
	EndGlobalSection
	GlobalSection(SharedMSBuildProjectFiles) = preSolution
		..\..\GCModeller\src\R-sharp\Library\shares\JsonHelper\JsonHelper.projitems*{633c7142-c943-4803-8a1c-25c352167b9f}*SharedItemsImports = 5
		..\..\GCModeller\src\R-sharp\Library\shares\JsonHelper\JsonHelper.projitems*{b2ae1422-d7da-4053-a386-eb2ea9326d68}*SharedItemsImports = 13
	EndGlobalSection
EndGlobal
